
Microsoft Visual Studio Solution File, Format Version 12.00
# Visual Studio Version 17
VisualStudioVersion = 17.9.34607.119
MinimumVisualStudioVersion = 10.0.40219.1
Project("{FAE04EC0-301F-11D3-BF4B-00C04F79EFBC}") = "Web II Labs", "Web II Labs\Web II Labs.csproj", "{09A5462A-A3C2-4ACF-B029-C9ABC424A224}"
EndProject
Global
	GlobalSection(SolutionConfigurationPlatforms) = preSolution
		Debug|Any CPU = Debug|Any CPU
		Release|Any CPU = Release|Any CPU
	EndGlobalSection
	GlobalSection(ProjectConfigurationPlatforms) = postSolution
		{09A5462A-A3C2-4ACF-B029-C9ABC424A224}.Debug|Any CPU.ActiveCfg = Debug|Any CPU
		{09A5462A-A3C2-4ACF-B029-C9ABC424A224}.Debug|Any CPU.Build.0 = Debug|Any CPU
		{09A5462A-A3C2-4ACF-B029-C9ABC424A224}.Release|Any CPU.ActiveCfg = Release|Any CPU
		{09A5462A-A3C2-4ACF-B029-C9ABC424A224}.Release|Any CPU.Build.0 = Release|Any CPU
	EndGlobalSection
	GlobalSection(SolutionProperties) = preSolution
		HideSolutionNode = FALSE
	EndGlobalSection
	GlobalSection(ExtensibilityGlobals) = postSolution
		SolutionGuid = {B5100E94-DB75-453B-92BC-EC4D4F34C36B}
	EndGlobalSection
EndGlobal
